// !$*UTF8*$!
{
	archiveVersion = 1;
	classes = {
	};
	objectVersion = 48;
	objects = {

/* Begin PBXBuildFile section */
		87489C39370A8D0CC5A6CD48 /* Pods_BubbleHero.framework in Frameworks */ = {isa = PBXBuildFile; fileRef = 44AB22D696344AF18AE8F279 /* Pods_BubbleHero.framework */; };
		F23CD69A2043C2EE0053A099 /* MenuButton.swift in Sources */ = {isa = PBXBuildFile; fileRef = F23CD6992043C2EE0053A099 /* MenuButton.swift */; };
		F23CD69D2043DC880053A099 /* LevelDesignerController.swift in Sources */ = {isa = PBXBuildFile; fileRef = F23CD69C2043DC880053A099 /* LevelDesignerController.swift */; };
		F23CD6A02043ED1A0053A099 /* PaletteBubbleButton.swift in Sources */ = {isa = PBXBuildFile; fileRef = F23CD69F2043ED1A0053A099 /* PaletteBubbleButton.swift */; };
		F23CD6A22043F5D20053A099 /* Settings.swift in Sources */ = {isa = PBXBuildFile; fileRef = F23CD6A12043F5D20053A099 /* Settings.swift */; };
		F252D4932044F751004FDA03 /* Messages.swift in Sources */ = {isa = PBXBuildFile; fileRef = F252D4922044F751004FDA03 /* Messages.swift */; };
		F29CD045203D203800C94061 /* AppDelegate.swift in Sources */ = {isa = PBXBuildFile; fileRef = F29CD044203D203800C94061 /* AppDelegate.swift */; };
		F29CD047203D203800C94061 /* MenuViewController.swift in Sources */ = {isa = PBXBuildFile; fileRef = F29CD046203D203800C94061 /* MenuViewController.swift */; };
		F29CD04A203D203800C94061 /* Main.storyboard in Resources */ = {isa = PBXBuildFile; fileRef = F29CD048203D203800C94061 /* Main.storyboard */; };
		F29CD04C203D203800C94061 /* Assets.xcassets in Resources */ = {isa = PBXBuildFile; fileRef = F29CD04B203D203800C94061 /* Assets.xcassets */; };
		F29CD04F203D203800C94061 /* LaunchScreen.storyboard in Resources */ = {isa = PBXBuildFile; fileRef = F29CD04D203D203800C94061 /* LaunchScreen.storyboard */; };
		F29CD05A203D203800C94061 /* BubbleHeroUITests.swift in Sources */ = {isa = PBXBuildFile; fileRef = F29CD059203D203800C94061 /* BubbleHeroUITests.swift */; };
		F29CD066203D217900C94061 /* README.md in Resources */ = {isa = PBXBuildFile; fileRef = F29CD065203D217900C94061 /* README.md */; };
		F2CAFB1E20442D51002078B2 /* FillableBubbleCell.swift in Sources */ = {isa = PBXBuildFile; fileRef = F2CAFB1D20442D51002078B2 /* FillableBubbleCell.swift */; };
		F2CAFB2020442F57002078B2 /* LevelDesignerController+BubbleGrid.swift in Sources */ = {isa = PBXBuildFile; fileRef = F2CAFB1F20442F57002078B2 /* LevelDesignerController+BubbleGrid.swift */; };
		F2CAFB2520442FC6002078B2 /* BubbleType.swift in Sources */ = {isa = PBXBuildFile; fileRef = F2CAFB2420442FC6002078B2 /* BubbleType.swift */; };
		F2CAFB2720443020002078B2 /* Level.swift in Sources */ = {isa = PBXBuildFile; fileRef = F2CAFB2620443020002078B2 /* Level.swift */; };
		F2CAFB2F204440D9002078B2 /* LevelDesignerController+Gesture.swift in Sources */ = {isa = PBXBuildFile; fileRef = F2CAFB2E204440D9002078B2 /* LevelDesignerController+Gesture.swift */; };
		F2CAFB4020444A38002078B2 /* LevelTests.swift in Sources */ = {isa = PBXBuildFile; fileRef = F2CAFB3F20444A38002078B2 /* LevelTests.swift */; };
		F2CAFB4220444B46002078B2 /* BubbleTypeTests.swift in Sources */ = {isa = PBXBuildFile; fileRef = F2CAFB4120444B46002078B2 /* BubbleTypeTests.swift */; };
		F2CAFB44204454BF002078B2 /* LevelDesignerSavingController.swift in Sources */ = {isa = PBXBuildFile; fileRef = F2CAFB43204454BF002078B2 /* LevelDesignerSavingController.swift */; };
		F2CAFB462044568A002078B2 /* DialogHelpers.swift in Sources */ = {isa = PBXBuildFile; fileRef = F2CAFB452044568A002078B2 /* DialogHelpers.swift */; };
/* End PBXBuildFile section */

/* Begin PBXContainerItemProxy section */
		F29CD056203D203800C94061 /* PBXContainerItemProxy */ = {
			isa = PBXContainerItemProxy;
			containerPortal = F29CD039203D203800C94061 /* Project object */;
			proxyType = 1;
			remoteGlobalIDString = F29CD040203D203800C94061;
			remoteInfo = BubbleHero;
		};
		F2CAFB3920444A0A002078B2 /* PBXContainerItemProxy */ = {
			isa = PBXContainerItemProxy;
			containerPortal = F29CD039203D203800C94061 /* Project object */;
			proxyType = 1;
			remoteGlobalIDString = F29CD040203D203800C94061;
			remoteInfo = BubbleHero;
		};
/* End PBXContainerItemProxy section */

/* Begin PBXFileReference section */
		10C402CCDFA6625A170B2354 /* Pods-BubbleHero.debug.xcconfig */ = {isa = PBXFileReference; includeInIndex = 1; lastKnownFileType = text.xcconfig; name = "Pods-BubbleHero.debug.xcconfig"; path = "Pods/Target Support Files/Pods-BubbleHero/Pods-BubbleHero.debug.xcconfig"; sourceTree = "<group>"; };
		44AB22D696344AF18AE8F279 /* Pods_BubbleHero.framework */ = {isa = PBXFileReference; explicitFileType = wrapper.framework; includeInIndex = 0; path = Pods_BubbleHero.framework; sourceTree = BUILT_PRODUCTS_DIR; };
		8C7309CA0D8BAB10889F6898 /* Pods-BubbleHero.release.xcconfig */ = {isa = PBXFileReference; includeInIndex = 1; lastKnownFileType = text.xcconfig; name = "Pods-BubbleHero.release.xcconfig"; path = "Pods/Target Support Files/Pods-BubbleHero/Pods-BubbleHero.release.xcconfig"; sourceTree = "<group>"; };
		F23CD6992043C2EE0053A099 /* MenuButton.swift */ = {isa = PBXFileReference; lastKnownFileType = sourcecode.swift; path = MenuButton.swift; sourceTree = "<group>"; };
		F23CD69C2043DC880053A099 /* LevelDesignerController.swift */ = {isa = PBXFileReference; lastKnownFileType = sourcecode.swift; path = LevelDesignerController.swift; sourceTree = "<group>"; };
		F23CD69F2043ED1A0053A099 /* PaletteBubbleButton.swift */ = {isa = PBXFileReference; lastKnownFileType = sourcecode.swift; path = PaletteBubbleButton.swift; sourceTree = "<group>"; };
		F23CD6A12043F5D20053A099 /* Settings.swift */ = {isa = PBXFileReference; lastKnownFileType = sourcecode.swift; path = Settings.swift; sourceTree = "<group>"; };
		F252D4922044F751004FDA03 /* Messages.swift */ = {isa = PBXFileReference; lastKnownFileType = sourcecode.swift; path = Messages.swift; sourceTree = "<group>"; };
		F29CD041203D203800C94061 /* BubbleHero.app */ = {isa = PBXFileReference; explicitFileType = wrapper.application; includeInIndex = 0; path = BubbleHero.app; sourceTree = BUILT_PRODUCTS_DIR; };
		F29CD044203D203800C94061 /* AppDelegate.swift */ = {isa = PBXFileReference; lastKnownFileType = sourcecode.swift; path = AppDelegate.swift; sourceTree = "<group>"; };
		F29CD046203D203800C94061 /* MenuViewController.swift */ = {isa = PBXFileReference; lastKnownFileType = sourcecode.swift; path = MenuViewController.swift; sourceTree = "<group>"; };
		F29CD049203D203800C94061 /* Base */ = {isa = PBXFileReference; lastKnownFileType = file.storyboard; name = Base; path = Base.lproj/Main.storyboard; sourceTree = "<group>"; };
		F29CD04B203D203800C94061 /* Assets.xcassets */ = {isa = PBXFileReference; lastKnownFileType = folder.assetcatalog; path = Assets.xcassets; sourceTree = "<group>"; };
		F29CD04E203D203800C94061 /* Base */ = {isa = PBXFileReference; lastKnownFileType = file.storyboard; name = Base; path = Base.lproj/LaunchScreen.storyboard; sourceTree = "<group>"; };
		F29CD050203D203800C94061 /* Info.plist */ = {isa = PBXFileReference; lastKnownFileType = text.plist.xml; path = Info.plist; sourceTree = "<group>"; };
		F29CD055203D203800C94061 /* BubbleHeroUITests.xctest */ = {isa = PBXFileReference; explicitFileType = wrapper.cfbundle; includeInIndex = 0; path = BubbleHeroUITests.xctest; sourceTree = BUILT_PRODUCTS_DIR; };
		F29CD059203D203800C94061 /* BubbleHeroUITests.swift */ = {isa = PBXFileReference; lastKnownFileType = sourcecode.swift; path = BubbleHeroUITests.swift; sourceTree = "<group>"; };
		F29CD05B203D203800C94061 /* Info.plist */ = {isa = PBXFileReference; lastKnownFileType = text.plist.xml; path = Info.plist; sourceTree = "<group>"; };
		F29CD065203D217900C94061 /* README.md */ = {isa = PBXFileReference; fileEncoding = 4; lastKnownFileType = net.daringfireball.markdown; name = README.md; path = ../README.md; sourceTree = "<group>"; };
		F2CAFB1D20442D51002078B2 /* FillableBubbleCell.swift */ = {isa = PBXFileReference; lastKnownFileType = sourcecode.swift; path = FillableBubbleCell.swift; sourceTree = "<group>"; };
		F2CAFB1F20442F57002078B2 /* LevelDesignerController+BubbleGrid.swift */ = {isa = PBXFileReference; lastKnownFileType = sourcecode.swift; path = "LevelDesignerController+BubbleGrid.swift"; sourceTree = "<group>"; };
		F2CAFB2420442FC6002078B2 /* BubbleType.swift */ = {isa = PBXFileReference; lastKnownFileType = sourcecode.swift; path = BubbleType.swift; sourceTree = "<group>"; };
		F2CAFB2620443020002078B2 /* Level.swift */ = {isa = PBXFileReference; lastKnownFileType = sourcecode.swift; path = Level.swift; sourceTree = "<group>"; };
		F2CAFB2E204440D9002078B2 /* LevelDesignerController+Gesture.swift */ = {isa = PBXFileReference; lastKnownFileType = sourcecode.swift; path = "LevelDesignerController+Gesture.swift"; sourceTree = "<group>"; };
		F2CAFB3420444A0A002078B2 /* BubbleHeroTests.xctest */ = {isa = PBXFileReference; explicitFileType = wrapper.cfbundle; includeInIndex = 0; path = BubbleHeroTests.xctest; sourceTree = BUILT_PRODUCTS_DIR; };
		F2CAFB3820444A0A002078B2 /* Info.plist */ = {isa = PBXFileReference; lastKnownFileType = text.plist.xml; path = Info.plist; sourceTree = "<group>"; };
		F2CAFB3F20444A38002078B2 /* LevelTests.swift */ = {isa = PBXFileReference; lastKnownFileType = sourcecode.swift; path = LevelTests.swift; sourceTree = "<group>"; };
		F2CAFB4120444B46002078B2 /* BubbleTypeTests.swift */ = {isa = PBXFileReference; lastKnownFileType = sourcecode.swift; path = BubbleTypeTests.swift; sourceTree = "<group>"; };
		F2CAFB43204454BF002078B2 /* LevelDesignerSavingController.swift */ = {isa = PBXFileReference; lastKnownFileType = sourcecode.swift; path = LevelDesignerSavingController.swift; sourceTree = "<group>"; };
		F2CAFB452044568A002078B2 /* DialogHelpers.swift */ = {isa = PBXFileReference; lastKnownFileType = sourcecode.swift; path = DialogHelpers.swift; sourceTree = "<group>"; };
/* End PBXFileReference section */

/* Begin PBXFrameworksBuildPhase section */
		F29CD03E203D203800C94061 /* Frameworks */ = {
			isa = PBXFrameworksBuildPhase;
			buildActionMask = 2147483647;
			files = (
				87489C39370A8D0CC5A6CD48 /* Pods_BubbleHero.framework in Frameworks */,
			);
			runOnlyForDeploymentPostprocessing = 0;
		};
		F29CD052203D203800C94061 /* Frameworks */ = {
			isa = PBXFrameworksBuildPhase;
			buildActionMask = 2147483647;
			files = (
			);
			runOnlyForDeploymentPostprocessing = 0;
		};
		F2CAFB3120444A0A002078B2 /* Frameworks */ = {
			isa = PBXFrameworksBuildPhase;
			buildActionMask = 2147483647;
			files = (
			);
			runOnlyForDeploymentPostprocessing = 0;
		};
/* End PBXFrameworksBuildPhase section */

/* Begin PBXGroup section */
		6A52096690C8599FA03A4453 /* Pods */ = {
			isa = PBXGroup;
			children = (
				10C402CCDFA6625A170B2354 /* Pods-BubbleHero.debug.xcconfig */,
				8C7309CA0D8BAB10889F6898 /* Pods-BubbleHero.release.xcconfig */,
			);
			name = Pods;
			sourceTree = "<group>";
		};
		849C236299CAEEC0ABE96E40 /* Frameworks */ = {
			isa = PBXGroup;
			children = (
				44AB22D696344AF18AE8F279 /* Pods_BubbleHero.framework */,
			);
			name = Frameworks;
			sourceTree = "<group>";
		};
		F23CD6982043C2D20053A099 /* Views */ = {
			isa = PBXGroup;
			children = (
				F2CAFB1D20442D51002078B2 /* FillableBubbleCell.swift */,
				F23CD6992043C2EE0053A099 /* MenuButton.swift */,
				F23CD69F2043ED1A0053A099 /* PaletteBubbleButton.swift */,
				F29CD04B203D203800C94061 /* Assets.xcassets */,
				F29CD04D203D203800C94061 /* LaunchScreen.storyboard */,
				F29CD048203D203800C94061 /* Main.storyboard */,
			);
			path = Views;
			sourceTree = "<group>";
		};
		F23CD69B2043DAFC0053A099 /* Controllers */ = {
			isa = PBXGroup;
			children = (
				F29CD046203D203800C94061 /* MenuViewController.swift */,
				F23CD69C2043DC880053A099 /* LevelDesignerController.swift */,
				F2CAFB1F20442F57002078B2 /* LevelDesignerController+BubbleGrid.swift */,
				F2CAFB2E204440D9002078B2 /* LevelDesignerController+Gesture.swift */,
				F2CAFB43204454BF002078B2 /* LevelDesignerSavingController.swift */,
			);
			path = Controllers;
			sourceTree = "<group>";
		};
		F23CD69E2043DC990053A099 /* Others */ = {
			isa = PBXGroup;
			children = (
				F29CD044203D203800C94061 /* AppDelegate.swift */,
				F2CAFB452044568A002078B2 /* DialogHelpers.swift */,
				F252D4922044F751004FDA03 /* Messages.swift */,
				F23CD6A12043F5D20053A099 /* Settings.swift */,
			);
			path = Others;
			sourceTree = "<group>";
		};
		F29CD038203D203800C94061 = {
			isa = PBXGroup;
			children = (
				F29CD065203D217900C94061 /* README.md */,
				F29CD043203D203800C94061 /* BubbleHero */,
				F2CAFB3520444A0A002078B2 /* BubbleHeroTests */,
				F29CD058203D203800C94061 /* BubbleHeroUITests */,
				F29CD042203D203800C94061 /* Products */,
				6A52096690C8599FA03A4453 /* Pods */,
				849C236299CAEEC0ABE96E40 /* Frameworks */,
			);
			sourceTree = "<group>";
		};
		F29CD042203D203800C94061 /* Products */ = {
			isa = PBXGroup;
			children = (
				F29CD041203D203800C94061 /* BubbleHero.app */,
				F29CD055203D203800C94061 /* BubbleHeroUITests.xctest */,
				F2CAFB3420444A0A002078B2 /* BubbleHeroTests.xctest */,
			);
			name = Products;
			sourceTree = "<group>";
		};
		F29CD043203D203800C94061 /* BubbleHero */ = {
			isa = PBXGroup;
			children = (
				F23CD69B2043DAFC0053A099 /* Controllers */,
				F2CAFB2320442FB4002078B2 /* Models */,
				F23CD6982043C2D20053A099 /* Views */,
				F23CD69E2043DC990053A099 /* Others */,
				F29CD050203D203800C94061 /* Info.plist */,
			);
			path = BubbleHero;
			sourceTree = "<group>";
		};
		F29CD058203D203800C94061 /* BubbleHeroUITests */ = {
			isa = PBXGroup;
			children = (
				F29CD059203D203800C94061 /* BubbleHeroUITests.swift */,
				F29CD05B203D203800C94061 /* Info.plist */,
			);
			path = BubbleHeroUITests;
			sourceTree = "<group>";
		};
		F2CAFB2320442FB4002078B2 /* Models */ = {
			isa = PBXGroup;
			children = (
				F2CAFB2420442FC6002078B2 /* BubbleType.swift */,
				F2CAFB2620443020002078B2 /* Level.swift */,
			);
			path = Models;
			sourceTree = "<group>";
		};
		F2CAFB3520444A0A002078B2 /* BubbleHeroTests */ = {
			isa = PBXGroup;
			children = (
				F2CAFB3E20444A20002078B2 /* Models */,
				F2CAFB3820444A0A002078B2 /* Info.plist */,
			);
			path = BubbleHeroTests;
			sourceTree = "<group>";
		};
		F2CAFB3E20444A20002078B2 /* Models */ = {
			isa = PBXGroup;
			children = (
				F2CAFB4120444B46002078B2 /* BubbleTypeTests.swift */,
				F2CAFB3F20444A38002078B2 /* LevelTests.swift */,
			);
			path = Models;
			sourceTree = "<group>";
		};
/* End PBXGroup section */

/* Begin PBXNativeTarget section */
		F29CD040203D203800C94061 /* BubbleHero */ = {
			isa = PBXNativeTarget;
			buildConfigurationList = F29CD05E203D203800C94061 /* Build configuration list for PBXNativeTarget "BubbleHero" */;
			buildPhases = (
				8C7C819D310EE0FC58EAB2A5 /* [CP] Check Pods Manifest.lock */,
				F29CD03D203D203800C94061 /* Sources */,
				F29CD03E203D203800C94061 /* Frameworks */,
				F29CD03F203D203800C94061 /* Resources */,
				F29CD064203D207F00C94061 /* SwiftLint */,
				6C492BFC1744EA83F857C143 /* [CP] Embed Pods Frameworks */,
				5502246F42B1FC1F83C3F8B3 /* [CP] Copy Pods Resources */,
			);
			buildRules = (
			);
			dependencies = (
			);
			name = BubbleHero;
			productName = BubbleHero;
			productReference = F29CD041203D203800C94061 /* BubbleHero.app */;
			productType = "com.apple.product-type.application";
		};
		F29CD054203D203800C94061 /* BubbleHeroUITests */ = {
			isa = PBXNativeTarget;
			buildConfigurationList = F29CD061203D203800C94061 /* Build configuration list for PBXNativeTarget "BubbleHeroUITests" */;
			buildPhases = (
				F29CD051203D203800C94061 /* Sources */,
				F29CD052203D203800C94061 /* Frameworks */,
				F29CD053203D203800C94061 /* Resources */,
			);
			buildRules = (
			);
			dependencies = (
				F29CD057203D203800C94061 /* PBXTargetDependency */,
			);
			name = BubbleHeroUITests;
			productName = BubbleHeroUITests;
			productReference = F29CD055203D203800C94061 /* BubbleHeroUITests.xctest */;
			productType = "com.apple.product-type.bundle.ui-testing";
		};
		F2CAFB3320444A0A002078B2 /* BubbleHeroTests */ = {
			isa = PBXNativeTarget;
			buildConfigurationList = F2CAFB3B20444A0A002078B2 /* Build configuration list for PBXNativeTarget "BubbleHeroTests" */;
			buildPhases = (
				F2CAFB3020444A0A002078B2 /* Sources */,
				F2CAFB3120444A0A002078B2 /* Frameworks */,
				F2CAFB3220444A0A002078B2 /* Resources */,
			);
			buildRules = (
			);
			dependencies = (
				F2CAFB3A20444A0A002078B2 /* PBXTargetDependency */,
			);
			name = BubbleHeroTests;
			productName = BubbleHeroTests;
			productReference = F2CAFB3420444A0A002078B2 /* BubbleHeroTests.xctest */;
			productType = "com.apple.product-type.bundle.unit-test";
		};
/* End PBXNativeTarget section */

/* Begin PBXProject section */
		F29CD039203D203800C94061 /* Project object */ = {
			isa = PBXProject;
			attributes = {
				LastSwiftUpdateCheck = 0920;
				LastUpgradeCheck = 0920;
				ORGANIZATIONNAME = "Yunpeng Niu";
				TargetAttributes = {
					F29CD040203D203800C94061 = {
						CreatedOnToolsVersion = 9.2;
						ProvisioningStyle = Automatic;
					};
					F29CD054203D203800C94061 = {
						CreatedOnToolsVersion = 9.2;
						ProvisioningStyle = Automatic;
						TestTargetID = F29CD040203D203800C94061;
					};
					F2CAFB3320444A0A002078B2 = {
						CreatedOnToolsVersion = 9.2;
						LastSwiftMigration = 0920;
						ProvisioningStyle = Automatic;
						TestTargetID = F29CD040203D203800C94061;
					};
				};
			};
			buildConfigurationList = F29CD03C203D203800C94061 /* Build configuration list for PBXProject "BubbleHero" */;
			compatibilityVersion = "Xcode 8.0";
			developmentRegion = en;
			hasScannedForEncodings = 0;
			knownRegions = (
				en,
				Base,
			);
			mainGroup = F29CD038203D203800C94061;
			productRefGroup = F29CD042203D203800C94061 /* Products */;
			projectDirPath = "";
			projectRoot = "";
			targets = (
				F29CD040203D203800C94061 /* BubbleHero */,
				F29CD054203D203800C94061 /* BubbleHeroUITests */,
				F2CAFB3320444A0A002078B2 /* BubbleHeroTests */,
			);
		};
/* End PBXProject section */

/* Begin PBXResourcesBuildPhase section */
		F29CD03F203D203800C94061 /* Resources */ = {
			isa = PBXResourcesBuildPhase;
			buildActionMask = 2147483647;
			files = (
				F29CD04F203D203800C94061 /* LaunchScreen.storyboard in Resources */,
				F29CD04C203D203800C94061 /* Assets.xcassets in Resources */,
				F29CD066203D217900C94061 /* README.md in Resources */,
				F29CD04A203D203800C94061 /* Main.storyboard in Resources */,
			);
			runOnlyForDeploymentPostprocessing = 0;
		};
		F29CD053203D203800C94061 /* Resources */ = {
			isa = PBXResourcesBuildPhase;
			buildActionMask = 2147483647;
			files = (
			);
			runOnlyForDeploymentPostprocessing = 0;
		};
		F2CAFB3220444A0A002078B2 /* Resources */ = {
			isa = PBXResourcesBuildPhase;
			buildActionMask = 2147483647;
			files = (
			);
			runOnlyForDeploymentPostprocessing = 0;
		};
/* End PBXResourcesBuildPhase section */

/* Begin PBXShellScriptBuildPhase section */
		5502246F42B1FC1F83C3F8B3 /* [CP] Copy Pods Resources */ = {
			isa = PBXShellScriptBuildPhase;
			buildActionMask = 2147483647;
			files = (
			);
			inputPaths = (
			);
			name = "[CP] Copy Pods Resources";
			outputPaths = (
			);
			runOnlyForDeploymentPostprocessing = 0;
			shellPath = /bin/sh;
			shellScript = "\"${SRCROOT}/Pods/Target Support Files/Pods-BubbleHero/Pods-BubbleHero-resources.sh\"\n";
			showEnvVarsInLog = 0;
		};
		6C492BFC1744EA83F857C143 /* [CP] Embed Pods Frameworks */ = {
			isa = PBXShellScriptBuildPhase;
			buildActionMask = 2147483647;
			files = (
			);
			inputPaths = (
				"${SRCROOT}/Pods/Target Support Files/Pods-BubbleHero/Pods-BubbleHero-frameworks.sh",
				"${BUILT_PRODUCTS_DIR}/GameEngine/GameEngine.framework",
			);
			name = "[CP] Embed Pods Frameworks";
			outputPaths = (
				"${TARGET_BUILD_DIR}/${FRAMEWORKS_FOLDER_PATH}/GameEngine.framework",
			);
			runOnlyForDeploymentPostprocessing = 0;
			shellPath = /bin/sh;
			shellScript = "\"${SRCROOT}/Pods/Target Support Files/Pods-BubbleHero/Pods-BubbleHero-frameworks.sh\"\n";
			showEnvVarsInLog = 0;
		};
		8C7C819D310EE0FC58EAB2A5 /* [CP] Check Pods Manifest.lock */ = {
			isa = PBXShellScriptBuildPhase;
			buildActionMask = 2147483647;
			files = (
			);
			inputPaths = (
				"${PODS_PODFILE_DIR_PATH}/Podfile.lock",
				"${PODS_ROOT}/Manifest.lock",
			);
			name = "[CP] Check Pods Manifest.lock";
			outputPaths = (
				"$(DERIVED_FILE_DIR)/Pods-BubbleHero-checkManifestLockResult.txt",
			);
			runOnlyForDeploymentPostprocessing = 0;
			shellPath = /bin/sh;
			shellScript = "diff \"${PODS_PODFILE_DIR_PATH}/Podfile.lock\" \"${PODS_ROOT}/Manifest.lock\" > /dev/null\nif [ $? != 0 ] ; then\n    # print error to STDERR\n    echo \"error: The sandbox is not in sync with the Podfile.lock. Run 'pod install' or update your CocoaPods installation.\" >&2\n    exit 1\nfi\n# This output is used by Xcode 'outputs' to avoid re-running this script phase.\necho \"SUCCESS\" > \"${SCRIPT_OUTPUT_FILE_0}\"\n";
			showEnvVarsInLog = 0;
		};
		F29CD064203D207F00C94061 /* SwiftLint */ = {
			isa = PBXShellScriptBuildPhase;
			buildActionMask = 2147483647;
			files = (
			);
			inputPaths = (
			);
			name = SwiftLint;
			outputPaths = (
			);
			runOnlyForDeploymentPostprocessing = 0;
			shellPath = /bin/sh;
			shellScript = "if which swiftlint >/dev/null; then\n    // swiftlint\n    echo \"Ignored\"\nelse\n    echo \"warning: SwiftLint not installed, download from https://github.com/realm/SwiftLint\"\nfi";
		};
/* End PBXShellScriptBuildPhase section */

/* Begin PBXSourcesBuildPhase section */
		F29CD03D203D203800C94061 /* Sources */ = {
			isa = PBXSourcesBuildPhase;
			buildActionMask = 2147483647;
			files = (
				F2CAFB1E20442D51002078B2 /* FillableBubbleCell.swift in Sources */,
				F23CD6A22043F5D20053A099 /* Settings.swift in Sources */,
				F29CD047203D203800C94061 /* MenuViewController.swift in Sources */,
				F252D4932044F751004FDA03 /* Messages.swift in Sources */,
				F23CD69D2043DC880053A099 /* LevelDesignerController.swift in Sources */,
				F29CD045203D203800C94061 /* AppDelegate.swift in Sources */,
				F2CAFB44204454BF002078B2 /* LevelDesignerSavingController.swift in Sources */,
				F2CAFB2F204440D9002078B2 /* LevelDesignerController+Gesture.swift in Sources */,
				F2CAFB2520442FC6002078B2 /* BubbleType.swift in Sources */,
				F2CAFB2020442F57002078B2 /* LevelDesignerController+BubbleGrid.swift in Sources */,
				F23CD69A2043C2EE0053A099 /* MenuButton.swift in Sources */,
				F2CAFB462044568A002078B2 /* DialogHelpers.swift in Sources */,
				F2CAFB2720443020002078B2 /* Level.swift in Sources */,
				F23CD6A02043ED1A0053A099 /* PaletteBubbleButton.swift in Sources */,
			);
			runOnlyForDeploymentPostprocessing = 0;
		};
		F29CD051203D203800C94061 /* Sources */ = {
			isa = PBXSourcesBuildPhase;
			buildActionMask = 2147483647;
			files = (
				F29CD05A203D203800C94061 /* BubbleHeroUITests.swift in Sources */,
			);
			runOnlyForDeploymentPostprocessing = 0;
		};
		F2CAFB3020444A0A002078B2 /* Sources */ = {
			isa = PBXSourcesBuildPhase;
			buildActionMask = 2147483647;
			files = (
				F2CAFB4020444A38002078B2 /* LevelTests.swift in Sources */,
				F2CAFB4220444B46002078B2 /* BubbleTypeTests.swift in Sources */,
			);
			runOnlyForDeploymentPostprocessing = 0;
		};
/* End PBXSourcesBuildPhase section */

/* Begin PBXTargetDependency section */
		F29CD057203D203800C94061 /* PBXTargetDependency */ = {
			isa = PBXTargetDependency;
			target = F29CD040203D203800C94061 /* BubbleHero */;
			targetProxy = F29CD056203D203800C94061 /* PBXContainerItemProxy */;
		};
		F2CAFB3A20444A0A002078B2 /* PBXTargetDependency */ = {
			isa = PBXTargetDependency;
			target = F29CD040203D203800C94061 /* BubbleHero */;
			targetProxy = F2CAFB3920444A0A002078B2 /* PBXContainerItemProxy */;
		};
/* End PBXTargetDependency section */

/* Begin PBXVariantGroup section */
		F29CD048203D203800C94061 /* Main.storyboard */ = {
			isa = PBXVariantGroup;
			children = (
				F29CD049203D203800C94061 /* Base */,
			);
			name = Main.storyboard;
			sourceTree = "<group>";
		};
		F29CD04D203D203800C94061 /* LaunchScreen.storyboard */ = {
			isa = PBXVariantGroup;
			children = (
				F29CD04E203D203800C94061 /* Base */,
			);
			name = LaunchScreen.storyboard;
			sourceTree = "<group>";
		};
/* End PBXVariantGroup section */

/* Begin XCBuildConfiguration section */
		F29CD05C203D203800C94061 /* Debug */ = {
			isa = XCBuildConfiguration;
			buildSettings = {
				ALWAYS_SEARCH_USER_PATHS = NO;
				CLANG_ANALYZER_NONNULL = YES;
				CLANG_ANALYZER_NUMBER_OBJECT_CONVERSION = YES_AGGRESSIVE;
				CLANG_CXX_LANGUAGE_STANDARD = "gnu++14";
				CLANG_CXX_LIBRARY = "libc++";
				CLANG_ENABLE_MODULES = YES;
				CLANG_ENABLE_OBJC_ARC = YES;
				CLANG_WARN_BLOCK_CAPTURE_AUTORELEASING = YES;
				CLANG_WARN_BOOL_CONVERSION = YES;
				CLANG_WARN_COMMA = YES;
				CLANG_WARN_CONSTANT_CONVERSION = YES;
				CLANG_WARN_DIRECT_OBJC_ISA_USAGE = YES_ERROR;
				CLANG_WARN_DOCUMENTATION_COMMENTS = YES;
				CLANG_WARN_EMPTY_BODY = YES;
				CLANG_WARN_ENUM_CONVERSION = YES;
				CLANG_WARN_INFINITE_RECURSION = YES;
				CLANG_WARN_INT_CONVERSION = YES;
				CLANG_WARN_NON_LITERAL_NULL_CONVERSION = YES;
				CLANG_WARN_OBJC_LITERAL_CONVERSION = YES;
				CLANG_WARN_OBJC_ROOT_CLASS = YES_ERROR;
				CLANG_WARN_RANGE_LOOP_ANALYSIS = YES;
				CLANG_WARN_STRICT_PROTOTYPES = YES;
				CLANG_WARN_SUSPICIOUS_MOVE = YES;
				CLANG_WARN_UNGUARDED_AVAILABILITY = YES_AGGRESSIVE;
				CLANG_WARN_UNREACHABLE_CODE = YES;
				CLANG_WARN__DUPLICATE_METHOD_MATCH = YES;
				CODE_SIGN_IDENTITY = "iPhone Developer";
				COPY_PHASE_STRIP = NO;
				DEBUG_INFORMATION_FORMAT = dwarf;
				ENABLE_STRICT_OBJC_MSGSEND = YES;
				ENABLE_TESTABILITY = YES;
				GCC_C_LANGUAGE_STANDARD = gnu11;
				GCC_DYNAMIC_NO_PIC = NO;
				GCC_NO_COMMON_BLOCKS = YES;
				GCC_OPTIMIZATION_LEVEL = 0;
				GCC_PREPROCESSOR_DEFINITIONS = (
					"DEBUG=1",
					"$(inherited)",
				);
				GCC_WARN_64_TO_32_BIT_CONVERSION = YES;
				GCC_WARN_ABOUT_RETURN_TYPE = YES_ERROR;
				GCC_WARN_UNDECLARED_SELECTOR = YES;
				GCC_WARN_UNINITIALIZED_AUTOS = YES_AGGRESSIVE;
				GCC_WARN_UNUSED_FUNCTION = YES;
				GCC_WARN_UNUSED_VARIABLE = YES;
				IPHONEOS_DEPLOYMENT_TARGET = 11.2;
				MTL_ENABLE_DEBUG_INFO = YES;
				ONLY_ACTIVE_ARCH = YES;
				SDKROOT = iphoneos;
				SWIFT_ACTIVE_COMPILATION_CONDITIONS = DEBUG;
				SWIFT_OPTIMIZATION_LEVEL = "-Onone";
			};
			name = Debug;
		};
		F29CD05D203D203800C94061 /* Release */ = {
			isa = XCBuildConfiguration;
			buildSettings = {
				ALWAYS_SEARCH_USER_PATHS = NO;
				CLANG_ANALYZER_NONNULL = YES;
				CLANG_ANALYZER_NUMBER_OBJECT_CONVERSION = YES_AGGRESSIVE;
				CLANG_CXX_LANGUAGE_STANDARD = "gnu++14";
				CLANG_CXX_LIBRARY = "libc++";
				CLANG_ENABLE_MODULES = YES;
				CLANG_ENABLE_OBJC_ARC = YES;
				CLANG_WARN_BLOCK_CAPTURE_AUTORELEASING = YES;
				CLANG_WARN_BOOL_CONVERSION = YES;
				CLANG_WARN_COMMA = YES;
				CLANG_WARN_CONSTANT_CONVERSION = YES;
				CLANG_WARN_DIRECT_OBJC_ISA_USAGE = YES_ERROR;
				CLANG_WARN_DOCUMENTATION_COMMENTS = YES;
				CLANG_WARN_EMPTY_BODY = YES;
				CLANG_WARN_ENUM_CONVERSION = YES;
				CLANG_WARN_INFINITE_RECURSION = YES;
				CLANG_WARN_INT_CONVERSION = YES;
				CLANG_WARN_NON_LITERAL_NULL_CONVERSION = YES;
				CLANG_WARN_OBJC_LITERAL_CONVERSION = YES;
				CLANG_WARN_OBJC_ROOT_CLASS = YES_ERROR;
				CLANG_WARN_RANGE_LOOP_ANALYSIS = YES;
				CLANG_WARN_STRICT_PROTOTYPES = YES;
				CLANG_WARN_SUSPICIOUS_MOVE = YES;
				CLANG_WARN_UNGUARDED_AVAILABILITY = YES_AGGRESSIVE;
				CLANG_WARN_UNREACHABLE_CODE = YES;
				CLANG_WARN__DUPLICATE_METHOD_MATCH = YES;
				CODE_SIGN_IDENTITY = "iPhone Developer";
				COPY_PHASE_STRIP = NO;
				DEBUG_INFORMATION_FORMAT = "dwarf-with-dsym";
				ENABLE_NS_ASSERTIONS = NO;
				ENABLE_STRICT_OBJC_MSGSEND = YES;
				ENABLE_TESTABILITY = YES;
				GCC_C_LANGUAGE_STANDARD = gnu11;
				GCC_NO_COMMON_BLOCKS = YES;
				GCC_WARN_64_TO_32_BIT_CONVERSION = YES;
				GCC_WARN_ABOUT_RETURN_TYPE = YES_ERROR;
				GCC_WARN_UNDECLARED_SELECTOR = YES;
				GCC_WARN_UNINITIALIZED_AUTOS = YES_AGGRESSIVE;
				GCC_WARN_UNUSED_FUNCTION = YES;
				GCC_WARN_UNUSED_VARIABLE = YES;
				IPHONEOS_DEPLOYMENT_TARGET = 11.2;
				MTL_ENABLE_DEBUG_INFO = NO;
				SDKROOT = iphoneos;
				SWIFT_OPTIMIZATION_LEVEL = "-Owholemodule";
				VALIDATE_PRODUCT = YES;
			};
			name = Release;
		};
		F29CD05F203D203800C94061 /* Debug */ = {
			isa = XCBuildConfiguration;
			baseConfigurationReference = 10C402CCDFA6625A170B2354 /* Pods-BubbleHero.debug.xcconfig */;
			buildSettings = {
				ASSETCATALOG_COMPILER_APPICON_NAME = AppIcon;
				CODE_SIGN_STYLE = Automatic;
				DEVELOPMENT_TEAM = Q8RFHAF8MS;
				INFOPLIST_FILE = BubbleHero/Info.plist;
				LD_RUNPATH_SEARCH_PATHS = "$(inherited) @executable_path/Frameworks";
				PRODUCT_BUNDLE_IDENTIFIER = nus.cs3217.a0162492a.BubbleHero;
				PRODUCT_NAME = "$(TARGET_NAME)";
				SWIFT_VERSION = 4.0;
				TARGETED_DEVICE_FAMILY = "1,2";
			};
			name = Debug;
		};
		F29CD060203D203800C94061 /* Release */ = {
			isa = XCBuildConfiguration;
			baseConfigurationReference = 8C7309CA0D8BAB10889F6898 /* Pods-BubbleHero.release.xcconfig */;
			buildSettings = {
				ASSETCATALOG_COMPILER_APPICON_NAME = AppIcon;
				CODE_SIGN_STYLE = Automatic;
				DEVELOPMENT_TEAM = Q8RFHAF8MS;
				INFOPLIST_FILE = BubbleHero/Info.plist;
				LD_RUNPATH_SEARCH_PATHS = "$(inherited) @executable_path/Frameworks";
				PRODUCT_BUNDLE_IDENTIFIER = nus.cs3217.a0162492a.BubbleHero;
				PRODUCT_NAME = "$(TARGET_NAME)";
				SWIFT_VERSION = 4.0;
				TARGETED_DEVICE_FAMILY = "1,2";
			};
			name = Release;
		};
		F29CD062203D203800C94061 /* Debug */ = {
			isa = XCBuildConfiguration;
			buildSettings = {
				ALWAYS_EMBED_SWIFT_STANDARD_LIBRARIES = YES;
				CODE_SIGN_STYLE = Automatic;
				DEVELOPMENT_TEAM = Q8RFHAF8MS;
				INFOPLIST_FILE = BubbleHeroUITests/Info.plist;
				LD_RUNPATH_SEARCH_PATHS = "$(inherited) @executable_path/Frameworks @loader_path/Frameworks";
				PRODUCT_BUNDLE_IDENTIFIER = nus.cs3217.a0162492a.BubbleHeroUITests;
				PRODUCT_NAME = "$(TARGET_NAME)";
				SWIFT_VERSION = 4.0;
				TARGETED_DEVICE_FAMILY = "1,2";
				TEST_TARGET_NAME = BubbleHero;
			};
			name = Debug;
		};
		F29CD063203D203800C94061 /* Release */ = {
			isa = XCBuildConfiguration;
			buildSettings = {
				ALWAYS_EMBED_SWIFT_STANDARD_LIBRARIES = YES;
				CODE_SIGN_STYLE = Automatic;
				DEVELOPMENT_TEAM = Q8RFHAF8MS;
				INFOPLIST_FILE = BubbleHeroUITests/Info.plist;
				LD_RUNPATH_SEARCH_PATHS = "$(inherited) @executable_path/Frameworks @loader_path/Frameworks";
				PRODUCT_BUNDLE_IDENTIFIER = nus.cs3217.a0162492a.BubbleHeroUITests;
				PRODUCT_NAME = "$(TARGET_NAME)";
				SWIFT_VERSION = 4.0;
				TARGETED_DEVICE_FAMILY = "1,2";
				TEST_TARGET_NAME = BubbleHero;
			};
			name = Release;
		};
		F2CAFB3C20444A0A002078B2 /* Debug */ = {
			isa = XCBuildConfiguration;
			buildSettings = {
				BUNDLE_LOADER = "$(TEST_HOST)";
				CLANG_ENABLE_MODULES = YES;
				CODE_SIGN_STYLE = Automatic;
				DEVELOPMENT_TEAM = Q8RFHAF8MS;
				INFOPLIST_FILE = BubbleHeroTests/Info.plist;
				LD_RUNPATH_SEARCH_PATHS = "$(inherited) @executable_path/Frameworks @loader_path/Frameworks";
				PRODUCT_BUNDLE_IDENTIFIER = nus.cs3217.a0162492a.BubbleHeroTests;
				PRODUCT_NAME = "$(TARGET_NAME)";
				SWIFT_OPTIMIZATION_LEVEL = "-Onone";
				SWIFT_VERSION = 4.0;
				TARGETED_DEVICE_FAMILY = "1,2";
				TEST_HOST = "$(BUILT_PRODUCTS_DIR)/BubbleHero.app/BubbleHero";
			};
			name = Debug;
		};
		F2CAFB3D20444A0A002078B2 /* Release */ = {
			isa = XCBuildConfiguration;
			buildSettings = {
				BUNDLE_LOADER = "$(TEST_HOST)";
				CLANG_ENABLE_MODULES = YES;
				CODE_SIGN_STYLE = Automatic;
				DEVELOPMENT_TEAM = Q8RFHAF8MS;
				INFOPLIST_FILE = BubbleHeroTests/Info.plist;
				LD_RUNPATH_SEARCH_PATHS = "$(inherited) @executable_path/Frameworks @loader_path/Frameworks";
				PRODUCT_BUNDLE_IDENTIFIER = nus.cs3217.a0162492a.BubbleHeroTests;
				PRODUCT_NAME = "$(TARGET_NAME)";
				SWIFT_VERSION = 4.0;
				TARGETED_DEVICE_FAMILY = "1,2";
				TEST_HOST = "$(BUILT_PRODUCTS_DIR)/BubbleHero.app/BubbleHero";
			};
			name = Release;
		};
/* End XCBuildConfiguration section */

/* Begin XCConfigurationList section */
		F29CD03C203D203800C94061 /* Build configuration list for PBXProject "BubbleHero" */ = {
			isa = XCConfigurationList;
			buildConfigurations = (
				F29CD05C203D203800C94061 /* Debug */,
				F29CD05D203D203800C94061 /* Release */,
			);
			defaultConfigurationIsVisible = 0;
			defaultConfigurationName = Release;
		};
		F29CD05E203D203800C94061 /* Build configuration list for PBXNativeTarget "BubbleHero" */ = {
			isa = XCConfigurationList;
			buildConfigurations = (
				F29CD05F203D203800C94061 /* Debug */,
				F29CD060203D203800C94061 /* Release */,
			);
			defaultConfigurationIsVisible = 0;
			defaultConfigurationName = Release;
		};
		F29CD061203D203800C94061 /* Build configuration list for PBXNativeTarget "BubbleHeroUITests" */ = {
			isa = XCConfigurationList;
			buildConfigurations = (
				F29CD062203D203800C94061 /* Debug */,
				F29CD063203D203800C94061 /* Release */,
			);
			defaultConfigurationIsVisible = 0;
			defaultConfigurationName = Release;
		};
		F2CAFB3B20444A0A002078B2 /* Build configuration list for PBXNativeTarget "BubbleHeroTests" */ = {
			isa = XCConfigurationList;
			buildConfigurations = (
				F2CAFB3C20444A0A002078B2 /* Debug */,
				F2CAFB3D20444A0A002078B2 /* Release */,
			);
			defaultConfigurationIsVisible = 0;
			defaultConfigurationName = Release;
		};
/* End XCConfigurationList section */
	};
	rootObject = F29CD039203D203800C94061 /* Project object */;
}
