PODS:
  - GameEngine (0.0.9)

DEPENDENCIES:
  - GameEngine (from `git@github.com:cs3217/2018-ps4-yunpengn.git`, branch `cocoapod`)

EXTERNAL SOURCES:
  GameEngine:
    :branch: cocoapod
    :git: git@github.com:cs3217/2018-ps4-yunpengn.git

CHECKOUT OPTIONS:
  GameEngine:
    :commit: 162e836a99ef877de9b6088573ec2a474db3dc85
    :git: git@github.com:cs3217/2018-ps4-yunpengn.git

SPEC CHECKSUMS:
  GameEngine: 9b2605c5c1a9e3aee70f6548b6e9ae2e6008085d

PODFILE CHECKSUM: 9ede09619268a32d084cf8e4802efedd3309868c

COCOAPODS: 1.4.0
