PODS:
  - GameEngine (0.0.5)

DEPENDENCIES:
  - GameEngine (from `git@github.com:cs3217/2018-ps4-yunpengn.git`, branch `cocoapod`)

EXTERNAL SOURCES:
  GameEngine:
    :branch: cocoapod
    :git: git@github.com:cs3217/2018-ps4-yunpengn.git

CHECKOUT OPTIONS:
  GameEngine:
    :commit: 61950e8ca847a5782665e87263271d7291b81ee1
    :git: git@github.com:cs3217/2018-ps4-yunpengn.git

SPEC CHECKSUMS:
  GameEngine: 8d21be78a3a8749fd1e22e6b955c02640c247eb0

PODFILE CHECKSUM: 9ede09619268a32d084cf8e4802efedd3309868c

COCOAPODS: 1.4.0
